
Microsoft Visual Studio Solution File, Format Version 12.00
# Visual Studio Version 16
VisualStudioVersion = 16.0.30804.86
MinimumVisualStudioVersion = 10.0.40219.1
Project("{FAE04EC0-301F-11D3-BF4B-00C04F79EFBC}") = "Loggify", "Loggify\Loggify.csproj", "{86C7A945-3A83-4ACC-AF19-940DFC944865}"
EndProject
Global
	GlobalSection(SolutionConfigurationPlatforms) = preSolution
		Debug|Any CPU = Debug|Any CPU
		Release|Any CPU = Release|Any CPU
	EndGlobalSection
	GlobalSection(ProjectConfigurationPlatforms) = postSolution
		{86C7A945-3A83-4ACC-AF19-940DFC944865}.Debug|Any CPU.ActiveCfg = Debug|Any CPU
		{86C7A945-3A83-4ACC-AF19-940DFC944865}.Debug|Any CPU.Build.0 = Debug|Any CPU
		{86C7A945-3A83-4ACC-AF19-940DFC944865}.Release|Any CPU.ActiveCfg = Release|Any CPU
		{86C7A945-3A83-4ACC-AF19-940DFC944865}.Release|Any CPU.Build.0 = Release|Any CPU
	EndGlobalSection
	GlobalSection(SolutionProperties) = preSolution
		HideSolutionNode = FALSE
	EndGlobalSection
	GlobalSection(ExtensibilityGlobals) = postSolution
		SolutionGuid = {66D23933-3E85-44D8-83C8-7476C8CB2953}
	EndGlobalSection
EndGlobal
